
Microsoft Visual Studio Solution File, Format Version 12.00
# Visual Studio 15
VisualStudioVersion = 15.0.27428.2015
MinimumVisualStudioVersion = 10.0.40219.1
Project("{9A19103F-16F7-4668-BE54-9A1E7A4F7556}") = "Modio.Xamarin", "Modio.Xamarin\Modio.Xamarin\Modio.Xamarin.csproj", "{C0186ADF-E5E4-4A9E-97E4-CFDB9F4D31E8}"
EndProject
Project("{9A19103F-16F7-4668-BE54-9A1E7A4F7556}") = "Modio.Core", "..\Modio.Core\Modio.Core\Modio.Core.csproj", "{09E417A5-7965-4D7B-9F73-1D0B30863667}"
EndProject
Project("{9A19103F-16F7-4668-BE54-9A1E7A4F7556}") = "Modio.Xamarin.Test", "Modio.Xamarin.Test\Modio.Xamarin.Test\Modio.Xamarin.Test.csproj", "{2B8714F9-16E2-454C-9837-23E50F79406A}"
EndProject
Project("{FAE04EC0-301F-11D3-BF4B-00C04F79EFBC}") = "Modio.Xamarin.Test.Android", "Modio.Xamarin.Test\Modio.Xamarin.Test.Android\Modio.Xamarin.Test.Android.csproj", "{6101435D-ABE6-4A8D-9323-A9C7FB505874}"
EndProject
Project("{FAE04EC0-301F-11D3-BF4B-00C04F79EFBC}") = "Modio.Xamarin.Test.iOS", "Modio.Xamarin.Test\Modio.Xamarin.Test.iOS\Modio.Xamarin.Test.iOS.csproj", "{1ADC8654-CC53-4ACC-A998-34948687391E}"
EndProject
Project("{FAE04EC0-301F-11D3-BF4B-00C04F79EFBC}") = "Modio.Xamarin.Test.UWP", "Modio.Xamarin.Test\Modio.Xamarin.Test.UWP\Modio.Xamarin.Test.UWP.csproj", "{47913112-DB26-48DC-BFFE-02932C2936F0}"
EndProject
Global
	GlobalSection(SolutionConfigurationPlatforms) = preSolution
		Ad-Hoc|Any CPU = Ad-Hoc|Any CPU
		Ad-Hoc|ARM = Ad-Hoc|ARM
		Ad-Hoc|iPhone = Ad-Hoc|iPhone
		Ad-Hoc|iPhoneSimulator = Ad-Hoc|iPhoneSimulator
		Ad-Hoc|x64 = Ad-Hoc|x64
		Ad-Hoc|x86 = Ad-Hoc|x86
		AppStore|Any CPU = AppStore|Any CPU
		AppStore|ARM = AppStore|ARM
		AppStore|iPhone = AppStore|iPhone
		AppStore|iPhoneSimulator = AppStore|iPhoneSimulator
		AppStore|x64 = AppStore|x64
		AppStore|x86 = AppStore|x86
		Debug|Any CPU = Debug|Any CPU
		Debug|ARM = Debug|ARM
		Debug|iPhone = Debug|iPhone
		Debug|iPhoneSimulator = Debug|iPhoneSimulator
		Debug|x64 = Debug|x64
		Debug|x86 = Debug|x86
		Release|Any CPU = Release|Any CPU
		Release|ARM = Release|ARM
		Release|iPhone = Release|iPhone
		Release|iPhoneSimulator = Release|iPhoneSimulator
		Release|x64 = Release|x64
		Release|x86 = Release|x86
	EndGlobalSection
	GlobalSection(ProjectConfigurationPlatforms) = postSolution
		{C0186ADF-E5E4-4A9E-97E4-CFDB9F4D31E8}.Ad-Hoc|Any CPU.ActiveCfg = Debug|Any CPU
		{C0186ADF-E5E4-4A9E-97E4-CFDB9F4D31E8}.Ad-Hoc|Any CPU.Build.0 = Debug|Any CPU
		{C0186ADF-E5E4-4A9E-97E4-CFDB9F4D31E8}.Ad-Hoc|ARM.ActiveCfg = Debug|Any CPU
		{C0186ADF-E5E4-4A9E-97E4-CFDB9F4D31E8}.Ad-Hoc|ARM.Build.0 = Debug|Any CPU
		{C0186ADF-E5E4-4A9E-97E4-CFDB9F4D31E8}.Ad-Hoc|iPhone.ActiveCfg = Debug|Any CPU
		{C0186ADF-E5E4-4A9E-97E4-CFDB9F4D31E8}.Ad-Hoc|iPhone.Build.0 = Debug|Any CPU
		{C0186ADF-E5E4-4A9E-97E4-CFDB9F4D31E8}.Ad-Hoc|iPhoneSimulator.ActiveCfg = Debug|Any CPU
		{C0186ADF-E5E4-4A9E-97E4-CFDB9F4D31E8}.Ad-Hoc|iPhoneSimulator.Build.0 = Debug|Any CPU
		{C0186ADF-E5E4-4A9E-97E4-CFDB9F4D31E8}.Ad-Hoc|x64.ActiveCfg = Debug|Any CPU
		{C0186ADF-E5E4-4A9E-97E4-CFDB9F4D31E8}.Ad-Hoc|x64.Build.0 = Debug|Any CPU
		{C0186ADF-E5E4-4A9E-97E4-CFDB9F4D31E8}.Ad-Hoc|x86.ActiveCfg = Debug|Any CPU
		{C0186ADF-E5E4-4A9E-97E4-CFDB9F4D31E8}.Ad-Hoc|x86.Build.0 = Debug|Any CPU
		{C0186ADF-E5E4-4A9E-97E4-CFDB9F4D31E8}.AppStore|Any CPU.ActiveCfg = Debug|Any CPU
		{C0186ADF-E5E4-4A9E-97E4-CFDB9F4D31E8}.AppStore|Any CPU.Build.0 = Debug|Any CPU
		{C0186ADF-E5E4-4A9E-97E4-CFDB9F4D31E8}.AppStore|ARM.ActiveCfg = Debug|Any CPU
		{C0186ADF-E5E4-4A9E-97E4-CFDB9F4D31E8}.AppStore|ARM.Build.0 = Debug|Any CPU
		{C0186ADF-E5E4-4A9E-97E4-CFDB9F4D31E8}.AppStore|iPhone.ActiveCfg = Debug|Any CPU
		{C0186ADF-E5E4-4A9E-97E4-CFDB9F4D31E8}.AppStore|iPhone.Build.0 = Debug|Any CPU
		{C0186ADF-E5E4-4A9E-97E4-CFDB9F4D31E8}.AppStore|iPhoneSimulator.ActiveCfg = Debug|Any CPU
		{C0186ADF-E5E4-4A9E-97E4-CFDB9F4D31E8}.AppStore|iPhoneSimulator.Build.0 = Debug|Any CPU
		{C0186ADF-E5E4-4A9E-97E4-CFDB9F4D31E8}.AppStore|x64.ActiveCfg = Debug|Any CPU
		{C0186ADF-E5E4-4A9E-97E4-CFDB9F4D31E8}.AppStore|x64.Build.0 = Debug|Any CPU
		{C0186ADF-E5E4-4A9E-97E4-CFDB9F4D31E8}.AppStore|x86.ActiveCfg = Debug|Any CPU
		{C0186ADF-E5E4-4A9E-97E4-CFDB9F4D31E8}.AppStore|x86.Build.0 = Debug|Any CPU
		{C0186ADF-E5E4-4A9E-97E4-CFDB9F4D31E8}.Debug|Any CPU.ActiveCfg = Debug|Any CPU
		{C0186ADF-E5E4-4A9E-97E4-CFDB9F4D31E8}.Debug|Any CPU.Build.0 = Debug|Any CPU
		{C0186ADF-E5E4-4A9E-97E4-CFDB9F4D31E8}.Debug|ARM.ActiveCfg = Debug|Any CPU
		{C0186ADF-E5E4-4A9E-97E4-CFDB9F4D31E8}.Debug|ARM.Build.0 = Debug|Any CPU
		{C0186ADF-E5E4-4A9E-97E4-CFDB9F4D31E8}.Debug|iPhone.ActiveCfg = Debug|Any CPU
		{C0186ADF-E5E4-4A9E-97E4-CFDB9F4D31E8}.Debug|iPhone.Build.0 = Debug|Any CPU
		{C0186ADF-E5E4-4A9E-97E4-CFDB9F4D31E8}.Debug|iPhoneSimulator.ActiveCfg = Debug|Any CPU
		{C0186ADF-E5E4-4A9E-97E4-CFDB9F4D31E8}.Debug|iPhoneSimulator.Build.0 = Debug|Any CPU
		{C0186ADF-E5E4-4A9E-97E4-CFDB9F4D31E8}.Debug|x64.ActiveCfg = Debug|Any CPU
		{C0186ADF-E5E4-4A9E-97E4-CFDB9F4D31E8}.Debug|x64.Build.0 = Debug|Any CPU
		{C0186ADF-E5E4-4A9E-97E4-CFDB9F4D31E8}.Debug|x86.ActiveCfg = Debug|Any CPU
		{C0186ADF-E5E4-4A9E-97E4-CFDB9F4D31E8}.Debug|x86.Build.0 = Debug|Any CPU
		{C0186ADF-E5E4-4A9E-97E4-CFDB9F4D31E8}.Release|Any CPU.ActiveCfg = Release|Any CPU
		{C0186ADF-E5E4-4A9E-97E4-CFDB9F4D31E8}.Release|Any CPU.Build.0 = Release|Any CPU
		{C0186ADF-E5E4-4A9E-97E4-CFDB9F4D31E8}.Release|ARM.ActiveCfg = Release|Any CPU
		{C0186ADF-E5E4-4A9E-97E4-CFDB9F4D31E8}.Release|ARM.Build.0 = Release|Any CPU
		{C0186ADF-E5E4-4A9E-97E4-CFDB9F4D31E8}.Release|iPhone.ActiveCfg = Release|Any CPU
		{C0186ADF-E5E4-4A9E-97E4-CFDB9F4D31E8}.Release|iPhone.Build.0 = Release|Any CPU
		{C0186ADF-E5E4-4A9E-97E4-CFDB9F4D31E8}.Release|iPhoneSimulator.ActiveCfg = Release|Any CPU
		{C0186ADF-E5E4-4A9E-97E4-CFDB9F4D31E8}.Release|iPhoneSimulator.Build.0 = Release|Any CPU
		{C0186ADF-E5E4-4A9E-97E4-CFDB9F4D31E8}.Release|x64.ActiveCfg = Release|Any CPU
		{C0186ADF-E5E4-4A9E-97E4-CFDB9F4D31E8}.Release|x64.Build.0 = Release|Any CPU
		{C0186ADF-E5E4-4A9E-97E4-CFDB9F4D31E8}.Release|x86.ActiveCfg = Release|Any CPU
		{C0186ADF-E5E4-4A9E-97E4-CFDB9F4D31E8}.Release|x86.Build.0 = Release|Any CPU
		{09E417A5-7965-4D7B-9F73-1D0B30863667}.Ad-Hoc|Any CPU.ActiveCfg = Debug|Any CPU
		{09E417A5-7965-4D7B-9F73-1D0B30863667}.Ad-Hoc|Any CPU.Build.0 = Debug|Any CPU
		{09E417A5-7965-4D7B-9F73-1D0B30863667}.Ad-Hoc|ARM.ActiveCfg = Debug|Any CPU
		{09E417A5-7965-4D7B-9F73-1D0B30863667}.Ad-Hoc|ARM.Build.0 = Debug|Any CPU
		{09E417A5-7965-4D7B-9F73-1D0B30863667}.Ad-Hoc|iPhone.ActiveCfg = Debug|Any CPU
		{09E417A5-7965-4D7B-9F73-1D0B30863667}.Ad-Hoc|iPhone.Build.0 = Debug|Any CPU
		{09E417A5-7965-4D7B-9F73-1D0B30863667}.Ad-Hoc|iPhoneSimulator.ActiveCfg = Debug|Any CPU
		{09E417A5-7965-4D7B-9F73-1D0B30863667}.Ad-Hoc|iPhoneSimulator.Build.0 = Debug|Any CPU
		{09E417A5-7965-4D7B-9F73-1D0B30863667}.Ad-Hoc|x64.ActiveCfg = Debug|Any CPU
		{09E417A5-7965-4D7B-9F73-1D0B30863667}.Ad-Hoc|x64.Build.0 = Debug|Any CPU
		{09E417A5-7965-4D7B-9F73-1D0B30863667}.Ad-Hoc|x86.ActiveCfg = Debug|Any CPU
		{09E417A5-7965-4D7B-9F73-1D0B30863667}.Ad-Hoc|x86.Build.0 = Debug|Any CPU
		{09E417A5-7965-4D7B-9F73-1D0B30863667}.AppStore|Any CPU.ActiveCfg = Debug|Any CPU
		{09E417A5-7965-4D7B-9F73-1D0B30863667}.AppStore|Any CPU.Build.0 = Debug|Any CPU
		{09E417A5-7965-4D7B-9F73-1D0B30863667}.AppStore|ARM.ActiveCfg = Debug|Any CPU
		{09E417A5-7965-4D7B-9F73-1D0B30863667}.AppStore|ARM.Build.0 = Debug|Any CPU
		{09E417A5-7965-4D7B-9F73-1D0B30863667}.AppStore|iPhone.ActiveCfg = Debug|Any CPU
		{09E417A5-7965-4D7B-9F73-1D0B30863667}.AppStore|iPhone.Build.0 = Debug|Any CPU
		{09E417A5-7965-4D7B-9F73-1D0B30863667}.AppStore|iPhoneSimulator.ActiveCfg = Debug|Any CPU
		{09E417A5-7965-4D7B-9F73-1D0B30863667}.AppStore|iPhoneSimulator.Build.0 = Debug|Any CPU
		{09E417A5-7965-4D7B-9F73-1D0B30863667}.AppStore|x64.ActiveCfg = Debug|Any CPU
		{09E417A5-7965-4D7B-9F73-1D0B30863667}.AppStore|x64.Build.0 = Debug|Any CPU
		{09E417A5-7965-4D7B-9F73-1D0B30863667}.AppStore|x86.ActiveCfg = Debug|Any CPU
		{09E417A5-7965-4D7B-9F73-1D0B30863667}.AppStore|x86.Build.0 = Debug|Any CPU
		{09E417A5-7965-4D7B-9F73-1D0B30863667}.Debug|Any CPU.ActiveCfg = Debug|Any CPU
		{09E417A5-7965-4D7B-9F73-1D0B30863667}.Debug|Any CPU.Build.0 = Debug|Any CPU
		{09E417A5-7965-4D7B-9F73-1D0B30863667}.Debug|ARM.ActiveCfg = Debug|Any CPU
		{09E417A5-7965-4D7B-9F73-1D0B30863667}.Debug|ARM.Build.0 = Debug|Any CPU
		{09E417A5-7965-4D7B-9F73-1D0B30863667}.Debug|iPhone.ActiveCfg = Debug|Any CPU
		{09E417A5-7965-4D7B-9F73-1D0B30863667}.Debug|iPhone.Build.0 = Debug|Any CPU
		{09E417A5-7965-4D7B-9F73-1D0B30863667}.Debug|iPhoneSimulator.ActiveCfg = Debug|Any CPU
		{09E417A5-7965-4D7B-9F73-1D0B30863667}.Debug|iPhoneSimulator.Build.0 = Debug|Any CPU
		{09E417A5-7965-4D7B-9F73-1D0B30863667}.Debug|x64.ActiveCfg = Debug|Any CPU
		{09E417A5-7965-4D7B-9F73-1D0B30863667}.Debug|x64.Build.0 = Debug|Any CPU
		{09E417A5-7965-4D7B-9F73-1D0B30863667}.Debug|x86.ActiveCfg = Debug|Any CPU
		{09E417A5-7965-4D7B-9F73-1D0B30863667}.Debug|x86.Build.0 = Debug|Any CPU
		{09E417A5-7965-4D7B-9F73-1D0B30863667}.Release|Any CPU.ActiveCfg = Release|Any CPU
		{09E417A5-7965-4D7B-9F73-1D0B30863667}.Release|Any CPU.Build.0 = Release|Any CPU
		{09E417A5-7965-4D7B-9F73-1D0B30863667}.Release|ARM.ActiveCfg = Release|Any CPU
		{09E417A5-7965-4D7B-9F73-1D0B30863667}.Release|ARM.Build.0 = Release|Any CPU
		{09E417A5-7965-4D7B-9F73-1D0B30863667}.Release|iPhone.ActiveCfg = Release|Any CPU
		{09E417A5-7965-4D7B-9F73-1D0B30863667}.Release|iPhone.Build.0 = Release|Any CPU
		{09E417A5-7965-4D7B-9F73-1D0B30863667}.Release|iPhoneSimulator.ActiveCfg = Release|Any CPU
		{09E417A5-7965-4D7B-9F73-1D0B30863667}.Release|iPhoneSimulator.Build.0 = Release|Any CPU
		{09E417A5-7965-4D7B-9F73-1D0B30863667}.Release|x64.ActiveCfg = Release|Any CPU
		{09E417A5-7965-4D7B-9F73-1D0B30863667}.Release|x64.Build.0 = Release|Any CPU
		{09E417A5-7965-4D7B-9F73-1D0B30863667}.Release|x86.ActiveCfg = Release|Any CPU
		{09E417A5-7965-4D7B-9F73-1D0B30863667}.Release|x86.Build.0 = Release|Any CPU
		{2B8714F9-16E2-454C-9837-23E50F79406A}.Ad-Hoc|Any CPU.ActiveCfg = Debug|Any CPU
		{2B8714F9-16E2-454C-9837-23E50F79406A}.Ad-Hoc|Any CPU.Build.0 = Debug|Any CPU
		{2B8714F9-16E2-454C-9837-23E50F79406A}.Ad-Hoc|ARM.ActiveCfg = Debug|Any CPU
		{2B8714F9-16E2-454C-9837-23E50F79406A}.Ad-Hoc|ARM.Build.0 = Debug|Any CPU
		{2B8714F9-16E2-454C-9837-23E50F79406A}.Ad-Hoc|iPhone.ActiveCfg = Debug|Any CPU
		{2B8714F9-16E2-454C-9837-23E50F79406A}.Ad-Hoc|iPhone.Build.0 = Debug|Any CPU
		{2B8714F9-16E2-454C-9837-23E50F79406A}.Ad-Hoc|iPhoneSimulator.ActiveCfg = Debug|Any CPU
		{2B8714F9-16E2-454C-9837-23E50F79406A}.Ad-Hoc|iPhoneSimulator.Build.0 = Debug|Any CPU
		{2B8714F9-16E2-454C-9837-23E50F79406A}.Ad-Hoc|x64.ActiveCfg = Debug|Any CPU
		{2B8714F9-16E2-454C-9837-23E50F79406A}.Ad-Hoc|x64.Build.0 = Debug|Any CPU
		{2B8714F9-16E2-454C-9837-23E50F79406A}.Ad-Hoc|x86.ActiveCfg = Debug|Any CPU
		{2B8714F9-16E2-454C-9837-23E50F79406A}.Ad-Hoc|x86.Build.0 = Debug|Any CPU
		{2B8714F9-16E2-454C-9837-23E50F79406A}.AppStore|Any CPU.ActiveCfg = Debug|Any CPU
		{2B8714F9-16E2-454C-9837-23E50F79406A}.AppStore|Any CPU.Build.0 = Debug|Any CPU
		{2B8714F9-16E2-454C-9837-23E50F79406A}.AppStore|ARM.ActiveCfg = Debug|Any CPU
		{2B8714F9-16E2-454C-9837-23E50F79406A}.AppStore|ARM.Build.0 = Debug|Any CPU
		{2B8714F9-16E2-454C-9837-23E50F79406A}.AppStore|iPhone.ActiveCfg = Debug|Any CPU
		{2B8714F9-16E2-454C-9837-23E50F79406A}.AppStore|iPhone.Build.0 = Debug|Any CPU
		{2B8714F9-16E2-454C-9837-23E50F79406A}.AppStore|iPhoneSimulator.ActiveCfg = Debug|Any CPU
		{2B8714F9-16E2-454C-9837-23E50F79406A}.AppStore|iPhoneSimulator.Build.0 = Debug|Any CPU
		{2B8714F9-16E2-454C-9837-23E50F79406A}.AppStore|x64.ActiveCfg = Debug|Any CPU
		{2B8714F9-16E2-454C-9837-23E50F79406A}.AppStore|x64.Build.0 = Debug|Any CPU
		{2B8714F9-16E2-454C-9837-23E50F79406A}.AppStore|x86.ActiveCfg = Debug|Any CPU
		{2B8714F9-16E2-454C-9837-23E50F79406A}.AppStore|x86.Build.0 = Debug|Any CPU
		{2B8714F9-16E2-454C-9837-23E50F79406A}.Debug|Any CPU.ActiveCfg = Debug|Any CPU
		{2B8714F9-16E2-454C-9837-23E50F79406A}.Debug|Any CPU.Build.0 = Debug|Any CPU
		{2B8714F9-16E2-454C-9837-23E50F79406A}.Debug|ARM.ActiveCfg = Debug|Any CPU
		{2B8714F9-16E2-454C-9837-23E50F79406A}.Debug|ARM.Build.0 = Debug|Any CPU
		{2B8714F9-16E2-454C-9837-23E50F79406A}.Debug|iPhone.ActiveCfg = Debug|Any CPU
		{2B8714F9-16E2-454C-9837-23E50F79406A}.Debug|iPhone.Build.0 = Debug|Any CPU
		{2B8714F9-16E2-454C-9837-23E50F79406A}.Debug|iPhoneSimulator.ActiveCfg = Debug|Any CPU
		{2B8714F9-16E2-454C-9837-23E50F79406A}.Debug|iPhoneSimulator.Build.0 = Debug|Any CPU
		{2B8714F9-16E2-454C-9837-23E50F79406A}.Debug|x64.ActiveCfg = Debug|Any CPU
		{2B8714F9-16E2-454C-9837-23E50F79406A}.Debug|x64.Build.0 = Debug|Any CPU
		{2B8714F9-16E2-454C-9837-23E50F79406A}.Debug|x86.ActiveCfg = Debug|Any CPU
		{2B8714F9-16E2-454C-9837-23E50F79406A}.Debug|x86.Build.0 = Debug|Any CPU
		{2B8714F9-16E2-454C-9837-23E50F79406A}.Release|Any CPU.ActiveCfg = Release|Any CPU
		{2B8714F9-16E2-454C-9837-23E50F79406A}.Release|Any CPU.Build.0 = Release|Any CPU
		{2B8714F9-16E2-454C-9837-23E50F79406A}.Release|ARM.ActiveCfg = Release|Any CPU
		{2B8714F9-16E2-454C-9837-23E50F79406A}.Release|ARM.Build.0 = Release|Any CPU
		{2B8714F9-16E2-454C-9837-23E50F79406A}.Release|iPhone.ActiveCfg = Release|Any CPU
		{2B8714F9-16E2-454C-9837-23E50F79406A}.Release|iPhone.Build.0 = Release|Any CPU
		{2B8714F9-16E2-454C-9837-23E50F79406A}.Release|iPhoneSimulator.ActiveCfg = Release|Any CPU
		{2B8714F9-16E2-454C-9837-23E50F79406A}.Release|iPhoneSimulator.Build.0 = Release|Any CPU
		{2B8714F9-16E2-454C-9837-23E50F79406A}.Release|x64.ActiveCfg = Release|Any CPU
		{2B8714F9-16E2-454C-9837-23E50F79406A}.Release|x64.Build.0 = Release|Any CPU
		{2B8714F9-16E2-454C-9837-23E50F79406A}.Release|x86.ActiveCfg = Release|Any CPU
		{2B8714F9-16E2-454C-9837-23E50F79406A}.Release|x86.Build.0 = Release|Any CPU
		{6101435D-ABE6-4A8D-9323-A9C7FB505874}.Ad-Hoc|Any CPU.ActiveCfg = Release|Any CPU
		{6101435D-ABE6-4A8D-9323-A9C7FB505874}.Ad-Hoc|Any CPU.Build.0 = Release|Any CPU
		{6101435D-ABE6-4A8D-9323-A9C7FB505874}.Ad-Hoc|Any CPU.Deploy.0 = Release|Any CPU
		{6101435D-ABE6-4A8D-9323-A9C7FB505874}.Ad-Hoc|ARM.ActiveCfg = Release|Any CPU
		{6101435D-ABE6-4A8D-9323-A9C7FB505874}.Ad-Hoc|ARM.Build.0 = Release|Any CPU
		{6101435D-ABE6-4A8D-9323-A9C7FB505874}.Ad-Hoc|ARM.Deploy.0 = Release|Any CPU
		{6101435D-ABE6-4A8D-9323-A9C7FB505874}.Ad-Hoc|iPhone.ActiveCfg = Release|Any CPU
		{6101435D-ABE6-4A8D-9323-A9C7FB505874}.Ad-Hoc|iPhone.Build.0 = Release|Any CPU
		{6101435D-ABE6-4A8D-9323-A9C7FB505874}.Ad-Hoc|iPhone.Deploy.0 = Release|Any CPU
		{6101435D-ABE6-4A8D-9323-A9C7FB505874}.Ad-Hoc|iPhoneSimulator.ActiveCfg = Release|Any CPU
		{6101435D-ABE6-4A8D-9323-A9C7FB505874}.Ad-Hoc|iPhoneSimulator.Build.0 = Release|Any CPU
		{6101435D-ABE6-4A8D-9323-A9C7FB505874}.Ad-Hoc|iPhoneSimulator.Deploy.0 = Release|Any CPU
		{6101435D-ABE6-4A8D-9323-A9C7FB505874}.Ad-Hoc|x64.ActiveCfg = Release|Any CPU
		{6101435D-ABE6-4A8D-9323-A9C7FB505874}.Ad-Hoc|x64.Build.0 = Release|Any CPU
		{6101435D-ABE6-4A8D-9323-A9C7FB505874}.Ad-Hoc|x64.Deploy.0 = Release|Any CPU
		{6101435D-ABE6-4A8D-9323-A9C7FB505874}.Ad-Hoc|x86.ActiveCfg = Release|Any CPU
		{6101435D-ABE6-4A8D-9323-A9C7FB505874}.Ad-Hoc|x86.Build.0 = Release|Any CPU
		{6101435D-ABE6-4A8D-9323-A9C7FB505874}.Ad-Hoc|x86.Deploy.0 = Release|Any CPU
		{6101435D-ABE6-4A8D-9323-A9C7FB505874}.AppStore|Any CPU.ActiveCfg = Release|Any CPU
		{6101435D-ABE6-4A8D-9323-A9C7FB505874}.AppStore|Any CPU.Build.0 = Release|Any CPU
		{6101435D-ABE6-4A8D-9323-A9C7FB505874}.AppStore|Any CPU.Deploy.0 = Release|Any CPU
		{6101435D-ABE6-4A8D-9323-A9C7FB505874}.AppStore|ARM.ActiveCfg = Release|Any CPU
		{6101435D-ABE6-4A8D-9323-A9C7FB505874}.AppStore|ARM.Build.0 = Release|Any CPU
		{6101435D-ABE6-4A8D-9323-A9C7FB505874}.AppStore|ARM.Deploy.0 = Release|Any CPU
		{6101435D-ABE6-4A8D-9323-A9C7FB505874}.AppStore|iPhone.ActiveCfg = Release|Any CPU
		{6101435D-ABE6-4A8D-9323-A9C7FB505874}.AppStore|iPhone.Build.0 = Release|Any CPU
		{6101435D-ABE6-4A8D-9323-A9C7FB505874}.AppStore|iPhone.Deploy.0 = Release|Any CPU
		{6101435D-ABE6-4A8D-9323-A9C7FB505874}.AppStore|iPhoneSimulator.ActiveCfg = Release|Any CPU
		{6101435D-ABE6-4A8D-9323-A9C7FB505874}.AppStore|iPhoneSimulator.Build.0 = Release|Any CPU
		{6101435D-ABE6-4A8D-9323-A9C7FB505874}.AppStore|iPhoneSimulator.Deploy.0 = Release|Any CPU
		{6101435D-ABE6-4A8D-9323-A9C7FB505874}.AppStore|x64.ActiveCfg = Release|Any CPU
		{6101435D-ABE6-4A8D-9323-A9C7FB505874}.AppStore|x64.Build.0 = Release|Any CPU
		{6101435D-ABE6-4A8D-9323-A9C7FB505874}.AppStore|x64.Deploy.0 = Release|Any CPU
		{6101435D-ABE6-4A8D-9323-A9C7FB505874}.AppStore|x86.ActiveCfg = Release|Any CPU
		{6101435D-ABE6-4A8D-9323-A9C7FB505874}.AppStore|x86.Build.0 = Release|Any CPU
		{6101435D-ABE6-4A8D-9323-A9C7FB505874}.AppStore|x86.Deploy.0 = Release|Any CPU
		{6101435D-ABE6-4A8D-9323-A9C7FB505874}.Debug|Any CPU.ActiveCfg = Debug|Any CPU
		{6101435D-ABE6-4A8D-9323-A9C7FB505874}.Debug|Any CPU.Build.0 = Debug|Any CPU
		{6101435D-ABE6-4A8D-9323-A9C7FB505874}.Debug|Any CPU.Deploy.0 = Debug|Any CPU
		{6101435D-ABE6-4A8D-9323-A9C7FB505874}.Debug|ARM.ActiveCfg = Debug|Any CPU
		{6101435D-ABE6-4A8D-9323-A9C7FB505874}.Debug|ARM.Build.0 = Debug|Any CPU
		{6101435D-ABE6-4A8D-9323-A9C7FB505874}.Debug|ARM.Deploy.0 = Debug|Any CPU
		{6101435D-ABE6-4A8D-9323-A9C7FB505874}.Debug|iPhone.ActiveCfg = Debug|Any CPU
		{6101435D-ABE6-4A8D-9323-A9C7FB505874}.Debug|iPhone.Build.0 = Debug|Any CPU
		{6101435D-ABE6-4A8D-9323-A9C7FB505874}.Debug|iPhone.Deploy.0 = Debug|Any CPU
		{6101435D-ABE6-4A8D-9323-A9C7FB505874}.Debug|iPhoneSimulator.ActiveCfg = Debug|Any CPU
		{6101435D-ABE6-4A8D-9323-A9C7FB505874}.Debug|iPhoneSimulator.Build.0 = Debug|Any CPU
		{6101435D-ABE6-4A8D-9323-A9C7FB505874}.Debug|iPhoneSimulator.Deploy.0 = Debug|Any CPU
		{6101435D-ABE6-4A8D-9323-A9C7FB505874}.Debug|x64.ActiveCfg = Debug|Any CPU
		{6101435D-ABE6-4A8D-9323-A9C7FB505874}.Debug|x64.Build.0 = Debug|Any CPU
		{6101435D-ABE6-4A8D-9323-A9C7FB505874}.Debug|x64.Deploy.0 = Debug|Any CPU
		{6101435D-ABE6-4A8D-9323-A9C7FB505874}.Debug|x86.ActiveCfg = Debug|Any CPU
		{6101435D-ABE6-4A8D-9323-A9C7FB505874}.Debug|x86.Build.0 = Debug|Any CPU
		{6101435D-ABE6-4A8D-9323-A9C7FB505874}.Debug|x86.Deploy.0 = Debug|Any CPU
		{6101435D-ABE6-4A8D-9323-A9C7FB505874}.Release|Any CPU.ActiveCfg = Release|Any CPU
		{6101435D-ABE6-4A8D-9323-A9C7FB505874}.Release|Any CPU.Build.0 = Release|Any CPU
		{6101435D-ABE6-4A8D-9323-A9C7FB505874}.Release|Any CPU.Deploy.0 = Release|Any CPU
		{6101435D-ABE6-4A8D-9323-A9C7FB505874}.Release|ARM.ActiveCfg = Release|Any CPU
		{6101435D-ABE6-4A8D-9323-A9C7FB505874}.Release|ARM.Build.0 = Release|Any CPU
		{6101435D-ABE6-4A8D-9323-A9C7FB505874}.Release|ARM.Deploy.0 = Release|Any CPU
		{6101435D-ABE6-4A8D-9323-A9C7FB505874}.Release|iPhone.ActiveCfg = Release|Any CPU
		{6101435D-ABE6-4A8D-9323-A9C7FB505874}.Release|iPhone.Build.0 = Release|Any CPU
		{6101435D-ABE6-4A8D-9323-A9C7FB505874}.Release|iPhone.Deploy.0 = Release|Any CPU
		{6101435D-ABE6-4A8D-9323-A9C7FB505874}.Release|iPhoneSimulator.ActiveCfg = Release|Any CPU
		{6101435D-ABE6-4A8D-9323-A9C7FB505874}.Release|iPhoneSimulator.Build.0 = Release|Any CPU
		{6101435D-ABE6-4A8D-9323-A9C7FB505874}.Release|iPhoneSimulator.Deploy.0 = Release|Any CPU
		{6101435D-ABE6-4A8D-9323-A9C7FB505874}.Release|x64.ActiveCfg = Release|Any CPU
		{6101435D-ABE6-4A8D-9323-A9C7FB505874}.Release|x64.Build.0 = Release|Any CPU
		{6101435D-ABE6-4A8D-9323-A9C7FB505874}.Release|x64.Deploy.0 = Release|Any CPU
		{6101435D-ABE6-4A8D-9323-A9C7FB505874}.Release|x86.ActiveCfg = Release|Any CPU
		{6101435D-ABE6-4A8D-9323-A9C7FB505874}.Release|x86.Build.0 = Release|Any CPU
		{6101435D-ABE6-4A8D-9323-A9C7FB505874}.Release|x86.Deploy.0 = Release|Any CPU
		{1ADC8654-CC53-4ACC-A998-34948687391E}.Ad-Hoc|Any CPU.ActiveCfg = Ad-Hoc|iPhone
		{1ADC8654-CC53-4ACC-A998-34948687391E}.Ad-Hoc|ARM.ActiveCfg = Ad-Hoc|iPhone
		{1ADC8654-CC53-4ACC-A998-34948687391E}.Ad-Hoc|iPhone.ActiveCfg = Ad-Hoc|iPhone
		{1ADC8654-CC53-4ACC-A998-34948687391E}.Ad-Hoc|iPhone.Build.0 = Ad-Hoc|iPhone
		{1ADC8654-CC53-4ACC-A998-34948687391E}.Ad-Hoc|iPhoneSimulator.ActiveCfg = Ad-Hoc|iPhoneSimulator
		{1ADC8654-CC53-4ACC-A998-34948687391E}.Ad-Hoc|iPhoneSimulator.Build.0 = Ad-Hoc|iPhoneSimulator
		{1ADC8654-CC53-4ACC-A998-34948687391E}.Ad-Hoc|x64.ActiveCfg = Ad-Hoc|iPhone
		{1ADC8654-CC53-4ACC-A998-34948687391E}.Ad-Hoc|x86.ActiveCfg = Ad-Hoc|iPhone
		{1ADC8654-CC53-4ACC-A998-34948687391E}.AppStore|Any CPU.ActiveCfg = AppStore|iPhone
		{1ADC8654-CC53-4ACC-A998-34948687391E}.AppStore|ARM.ActiveCfg = AppStore|iPhone
		{1ADC8654-CC53-4ACC-A998-34948687391E}.AppStore|iPhone.ActiveCfg = AppStore|iPhone
		{1ADC8654-CC53-4ACC-A998-34948687391E}.AppStore|iPhone.Build.0 = AppStore|iPhone
		{1ADC8654-CC53-4ACC-A998-34948687391E}.AppStore|iPhoneSimulator.ActiveCfg = AppStore|iPhoneSimulator
		{1ADC8654-CC53-4ACC-A998-34948687391E}.AppStore|iPhoneSimulator.Build.0 = AppStore|iPhoneSimulator
		{1ADC8654-CC53-4ACC-A998-34948687391E}.AppStore|x64.ActiveCfg = AppStore|iPhone
		{1ADC8654-CC53-4ACC-A998-34948687391E}.AppStore|x86.ActiveCfg = AppStore|iPhone
		{1ADC8654-CC53-4ACC-A998-34948687391E}.Debug|Any CPU.ActiveCfg = Debug|iPhone
		{1ADC8654-CC53-4ACC-A998-34948687391E}.Debug|Any CPU.Build.0 = Debug|iPhone
		{1ADC8654-CC53-4ACC-A998-34948687391E}.Debug|ARM.ActiveCfg = Debug|iPhone
		{1ADC8654-CC53-4ACC-A998-34948687391E}.Debug|iPhone.ActiveCfg = Debug|iPhone
		{1ADC8654-CC53-4ACC-A998-34948687391E}.Debug|iPhone.Build.0 = Debug|iPhone
		{1ADC8654-CC53-4ACC-A998-34948687391E}.Debug|iPhoneSimulator.ActiveCfg = Debug|iPhoneSimulator
		{1ADC8654-CC53-4ACC-A998-34948687391E}.Debug|iPhoneSimulator.Build.0 = Debug|iPhoneSimulator
		{1ADC8654-CC53-4ACC-A998-34948687391E}.Debug|x64.ActiveCfg = Debug|iPhone
		{1ADC8654-CC53-4ACC-A998-34948687391E}.Debug|x86.ActiveCfg = Debug|iPhone
		{1ADC8654-CC53-4ACC-A998-34948687391E}.Release|Any CPU.ActiveCfg = Release|iPhone
		{1ADC8654-CC53-4ACC-A998-34948687391E}.Release|ARM.ActiveCfg = Release|iPhone
		{1ADC8654-CC53-4ACC-A998-34948687391E}.Release|iPhone.ActiveCfg = Release|iPhone
		{1ADC8654-CC53-4ACC-A998-34948687391E}.Release|iPhone.Build.0 = Release|iPhone
		{1ADC8654-CC53-4ACC-A998-34948687391E}.Release|iPhoneSimulator.ActiveCfg = Release|iPhoneSimulator
		{1ADC8654-CC53-4ACC-A998-34948687391E}.Release|iPhoneSimulator.Build.0 = Release|iPhoneSimulator
		{1ADC8654-CC53-4ACC-A998-34948687391E}.Release|x64.ActiveCfg = Release|iPhone
		{1ADC8654-CC53-4ACC-A998-34948687391E}.Release|x86.ActiveCfg = Release|iPhone
		{47913112-DB26-48DC-BFFE-02932C2936F0}.Ad-Hoc|Any CPU.ActiveCfg = Release|x86
		{47913112-DB26-48DC-BFFE-02932C2936F0}.Ad-Hoc|Any CPU.Build.0 = Release|x86
		{47913112-DB26-48DC-BFFE-02932C2936F0}.Ad-Hoc|Any CPU.Deploy.0 = Release|x86
		{47913112-DB26-48DC-BFFE-02932C2936F0}.Ad-Hoc|ARM.ActiveCfg = Release|ARM
		{47913112-DB26-48DC-BFFE-02932C2936F0}.Ad-Hoc|ARM.Build.0 = Release|ARM
		{47913112-DB26-48DC-BFFE-02932C2936F0}.Ad-Hoc|ARM.Deploy.0 = Release|ARM
		{47913112-DB26-48DC-BFFE-02932C2936F0}.Ad-Hoc|iPhone.ActiveCfg = Release|x86
		{47913112-DB26-48DC-BFFE-02932C2936F0}.Ad-Hoc|iPhone.Build.0 = Release|x86
		{47913112-DB26-48DC-BFFE-02932C2936F0}.Ad-Hoc|iPhone.Deploy.0 = Release|x86
		{47913112-DB26-48DC-BFFE-02932C2936F0}.Ad-Hoc|iPhoneSimulator.ActiveCfg = Release|x86
		{47913112-DB26-48DC-BFFE-02932C2936F0}.Ad-Hoc|iPhoneSimulator.Build.0 = Release|x86
		{47913112-DB26-48DC-BFFE-02932C2936F0}.Ad-Hoc|iPhoneSimulator.Deploy.0 = Release|x86
		{47913112-DB26-48DC-BFFE-02932C2936F0}.Ad-Hoc|x64.ActiveCfg = Release|x64
		{47913112-DB26-48DC-BFFE-02932C2936F0}.Ad-Hoc|x64.Build.0 = Release|x64
		{47913112-DB26-48DC-BFFE-02932C2936F0}.Ad-Hoc|x64.Deploy.0 = Release|x64
		{47913112-DB26-48DC-BFFE-02932C2936F0}.Ad-Hoc|x86.ActiveCfg = Release|x86
		{47913112-DB26-48DC-BFFE-02932C2936F0}.Ad-Hoc|x86.Build.0 = Release|x86
		{47913112-DB26-48DC-BFFE-02932C2936F0}.Ad-Hoc|x86.Deploy.0 = Release|x86
		{47913112-DB26-48DC-BFFE-02932C2936F0}.AppStore|Any CPU.ActiveCfg = Release|x86
		{47913112-DB26-48DC-BFFE-02932C2936F0}.AppStore|Any CPU.Build.0 = Release|x86
		{47913112-DB26-48DC-BFFE-02932C2936F0}.AppStore|Any CPU.Deploy.0 = Release|x86
		{47913112-DB26-48DC-BFFE-02932C2936F0}.AppStore|ARM.ActiveCfg = Release|ARM
		{47913112-DB26-48DC-BFFE-02932C2936F0}.AppStore|ARM.Build.0 = Release|ARM
		{47913112-DB26-48DC-BFFE-02932C2936F0}.AppStore|ARM.Deploy.0 = Release|ARM
		{47913112-DB26-48DC-BFFE-02932C2936F0}.AppStore|iPhone.ActiveCfg = Release|x86
		{47913112-DB26-48DC-BFFE-02932C2936F0}.AppStore|iPhone.Build.0 = Release|x86
		{47913112-DB26-48DC-BFFE-02932C2936F0}.AppStore|iPhone.Deploy.0 = Release|x86
		{47913112-DB26-48DC-BFFE-02932C2936F0}.AppStore|iPhoneSimulator.ActiveCfg = Release|x86
		{47913112-DB26-48DC-BFFE-02932C2936F0}.AppStore|iPhoneSimulator.Build.0 = Release|x86
		{47913112-DB26-48DC-BFFE-02932C2936F0}.AppStore|iPhoneSimulator.Deploy.0 = Release|x86
		{47913112-DB26-48DC-BFFE-02932C2936F0}.AppStore|x64.ActiveCfg = Release|x64
		{47913112-DB26-48DC-BFFE-02932C2936F0}.AppStore|x64.Build.0 = Release|x64
		{47913112-DB26-48DC-BFFE-02932C2936F0}.AppStore|x64.Deploy.0 = Release|x64
		{47913112-DB26-48DC-BFFE-02932C2936F0}.AppStore|x86.ActiveCfg = Release|x86
		{47913112-DB26-48DC-BFFE-02932C2936F0}.AppStore|x86.Build.0 = Release|x86
		{47913112-DB26-48DC-BFFE-02932C2936F0}.AppStore|x86.Deploy.0 = Release|x86
		{47913112-DB26-48DC-BFFE-02932C2936F0}.Debug|Any CPU.ActiveCfg = Debug|ARM
		{47913112-DB26-48DC-BFFE-02932C2936F0}.Debug|Any CPU.Build.0 = Debug|ARM
		{47913112-DB26-48DC-BFFE-02932C2936F0}.Debug|Any CPU.Deploy.0 = Debug|ARM
		{47913112-DB26-48DC-BFFE-02932C2936F0}.Debug|ARM.ActiveCfg = Debug|ARM
		{47913112-DB26-48DC-BFFE-02932C2936F0}.Debug|ARM.Build.0 = Debug|ARM
		{47913112-DB26-48DC-BFFE-02932C2936F0}.Debug|ARM.Deploy.0 = Debug|ARM
		{47913112-DB26-48DC-BFFE-02932C2936F0}.Debug|iPhone.ActiveCfg = Debug|x86
		{47913112-DB26-48DC-BFFE-02932C2936F0}.Debug|iPhoneSimulator.ActiveCfg = Debug|x86
		{47913112-DB26-48DC-BFFE-02932C2936F0}.Debug|x64.ActiveCfg = Debug|x64
		{47913112-DB26-48DC-BFFE-02932C2936F0}.Debug|x64.Build.0 = Debug|x64
		{47913112-DB26-48DC-BFFE-02932C2936F0}.Debug|x64.Deploy.0 = Debug|x64
		{47913112-DB26-48DC-BFFE-02932C2936F0}.Debug|x86.ActiveCfg = Debug|x86
		{47913112-DB26-48DC-BFFE-02932C2936F0}.Debug|x86.Build.0 = Debug|x86
		{47913112-DB26-48DC-BFFE-02932C2936F0}.Debug|x86.Deploy.0 = Debug|x86
		{47913112-DB26-48DC-BFFE-02932C2936F0}.Release|Any CPU.ActiveCfg = Release|x86
		{47913112-DB26-48DC-BFFE-02932C2936F0}.Release|ARM.ActiveCfg = Release|ARM
		{47913112-DB26-48DC-BFFE-02932C2936F0}.Release|ARM.Build.0 = Release|ARM
		{47913112-DB26-48DC-BFFE-02932C2936F0}.Release|ARM.Deploy.0 = Release|ARM
		{47913112-DB26-48DC-BFFE-02932C2936F0}.Release|iPhone.ActiveCfg = Release|x86
		{47913112-DB26-48DC-BFFE-02932C2936F0}.Release|iPhoneSimulator.ActiveCfg = Release|x86
		{47913112-DB26-48DC-BFFE-02932C2936F0}.Release|x64.ActiveCfg = Release|x64
		{47913112-DB26-48DC-BFFE-02932C2936F0}.Release|x64.Build.0 = Release|x64
		{47913112-DB26-48DC-BFFE-02932C2936F0}.Release|x64.Deploy.0 = Release|x64
		{47913112-DB26-48DC-BFFE-02932C2936F0}.Release|x86.ActiveCfg = Release|x86
		{47913112-DB26-48DC-BFFE-02932C2936F0}.Release|x86.Build.0 = Release|x86
		{47913112-DB26-48DC-BFFE-02932C2936F0}.Release|x86.Deploy.0 = Release|x86
	EndGlobalSection
	GlobalSection(SolutionProperties) = preSolution
		HideSolutionNode = FALSE
	EndGlobalSection
	GlobalSection(ExtensibilityGlobals) = postSolution
		SolutionGuid = {A3359B45-628F-49E4-ADEC-C8757F84B961}
	EndGlobalSection
EndGlobal
